
Microsoft Visual Studio Solution File, Format Version 12.00
# Visual Studio 2012
Project("{FAE04EC0-301F-11D3-BF4B-00C04F79EFBC}") = "BuenoApp01", "BuenoApp01\BuenoApp01.csproj", "{89B9BDF2-CA23-4959-81D2-89555ECBD8B5}"
EndProject
Global
	GlobalSection(SolutionConfigurationPlatforms) = preSolution
		Debug|Any CPU = Debug|Any CPU
		Release|Any CPU = Release|Any CPU
	EndGlobalSection
	GlobalSection(ProjectConfigurationPlatforms) = postSolution
		{89B9BDF2-CA23-4959-81D2-89555ECBD8B5}.Debug|Any CPU.ActiveCfg = Debug|Any CPU
		{89B9BDF2-CA23-4959-81D2-89555ECBD8B5}.Debug|Any CPU.Build.0 = Debug|Any CPU
		{89B9BDF2-CA23-4959-81D2-89555ECBD8B5}.Release|Any CPU.ActiveCfg = Release|Any CPU
		{89B9BDF2-CA23-4959-81D2-89555ECBD8B5}.Release|Any CPU.Build.0 = Release|Any CPU
	EndGlobalSection
EndGlobal
